// !$*UTF8*$!
{
	archiveVersion = 1;
	classes = {
	};
	objectVersion = 46;
	objects = {

/* Begin PBXBuildFile section */
		608D6A261ACF6B080019EC8A /* AppDelegate.swift in Sources */ = {isa = PBXBuildFile; fileRef = 608D6A251ACF6B080019EC8A /* AppDelegate.swift */; };
		608D6A281ACF6B080019EC8A /* ViewController.swift in Sources */ = {isa = PBXBuildFile; fileRef = 608D6A271ACF6B080019EC8A /* ViewController.swift */; };
		608D6A2B1ACF6B080019EC8A /* Main.storyboard in Resources */ = {isa = PBXBuildFile; fileRef = 608D6A291ACF6B080019EC8A /* Main.storyboard */; };
		608D6A2D1ACF6B080019EC8A /* Images.xcassets in Resources */ = {isa = PBXBuildFile; fileRef = 608D6A2C1ACF6B080019EC8A /* Images.xcassets */; };
		608D6A301ACF6B080019EC8A /* LaunchScreen.xib in Resources */ = {isa = PBXBuildFile; fileRef = 608D6A2E1ACF6B080019EC8A /* LaunchScreen.xib */; };
		608D6A3C1ACF6B080019EC8A /* TipsyTests.swift in Sources */ = {isa = PBXBuildFile; fileRef = 608D6A3B1ACF6B080019EC8A /* TipsyTests.swift */; };
/* End PBXBuildFile section */

/* Begin PBXContainerItemProxy section */
		608D6A361ACF6B080019EC8A /* PBXContainerItemProxy */ = {
			isa = PBXContainerItemProxy;
			containerPortal = 608D6A181ACF6B080019EC8A /* Project object */;
			proxyType = 1;
			remoteGlobalIDString = 608D6A1F1ACF6B080019EC8A;
			remoteInfo = Tipsy;
		};
/* End PBXContainerItemProxy section */

/* Begin PBXFileReference section */
		608D6A201ACF6B080019EC8A /* Tipsy.app */ = {isa = PBXFileReference; explicitFileType = wrapper.application; includeInIndex = 0; path = Tipsy.app; sourceTree = BUILT_PRODUCTS_DIR; };
		608D6A241ACF6B080019EC8A /* Info.plist */ = {isa = PBXFileReference; lastKnownFileType = text.plist.xml; path = Info.plist; sourceTree = "<group>"; };
		608D6A251ACF6B080019EC8A /* AppDelegate.swift */ = {isa = PBXFileReference; lastKnownFileType = sourcecode.swift; path = AppDelegate.swift; sourceTree = "<group>"; };
		608D6A271ACF6B080019EC8A /* ViewController.swift */ = {isa = PBXFileReference; lastKnownFileType = sourcecode.swift; path = ViewController.swift; sourceTree = "<group>"; };
		608D6A2A1ACF6B080019EC8A /* Base */ = {isa = PBXFileReference; lastKnownFileType = file.storyboard; name = Base; path = Base.lproj/Main.storyboard; sourceTree = "<group>"; };
		608D6A2C1ACF6B080019EC8A /* Images.xcassets */ = {isa = PBXFileReference; lastKnownFileType = folder.assetcatalog; path = Images.xcassets; sourceTree = "<group>"; };
		608D6A2F1ACF6B080019EC8A /* Base */ = {isa = PBXFileReference; lastKnownFileType = file.xib; name = Base; path = Base.lproj/LaunchScreen.xib; sourceTree = "<group>"; };
		608D6A351ACF6B080019EC8A /* TipsyTests.xctest */ = {isa = PBXFileReference; explicitFileType = wrapper.cfbundle; includeInIndex = 0; path = TipsyTests.xctest; sourceTree = BUILT_PRODUCTS_DIR; };
		608D6A3A1ACF6B080019EC8A /* Info.plist */ = {isa = PBXFileReference; lastKnownFileType = text.plist.xml; path = Info.plist; sourceTree = "<group>"; };
		608D6A3B1ACF6B080019EC8A /* TipsyTests.swift */ = {isa = PBXFileReference; lastKnownFileType = sourcecode.swift; path = TipsyTests.swift; sourceTree = "<group>"; };
/* End PBXFileReference section */

/* Begin PBXFrameworksBuildPhase section */
		608D6A1D1ACF6B080019EC8A /* Frameworks */ = {
			isa = PBXFrameworksBuildPhase;
			buildActionMask = 2147483647;
			files = (
			);
			runOnlyForDeploymentPostprocessing = 0;
		};
		608D6A321ACF6B080019EC8A /* Frameworks */ = {
			isa = PBXFrameworksBuildPhase;
			buildActionMask = 2147483647;
			files = (
			);
			runOnlyForDeploymentPostprocessing = 0;
		};
/* End PBXFrameworksBuildPhase section */

/* Begin PBXGroup section */
		608D6A171ACF6B080019EC8A = {
			isa = PBXGroup;
			children = (
				608D6A221ACF6B080019EC8A /* Tipsy */,
				608D6A381ACF6B080019EC8A /* TipsyTests */,
				608D6A211ACF6B080019EC8A /* Products */,
			);
			sourceTree = "<group>";
		};
		608D6A211ACF6B080019EC8A /* Products */ = {
			isa = PBXGroup;
			children = (
				608D6A201ACF6B080019EC8A /* Tipsy.app */,
				608D6A351ACF6B080019EC8A /* TipsyTests.xctest */,
			);
			name = Products;
			sourceTree = "<group>";
		};
		608D6A221ACF6B080019EC8A /* Tipsy */ = {
			isa = PBXGroup;
			children = (
				608D6A251ACF6B080019EC8A /* AppDelegate.swift */,
				608D6A271ACF6B080019EC8A /* ViewController.swift */,
				608D6A291ACF6B080019EC8A /* Main.storyboard */,
				608D6A2C1ACF6B080019EC8A /* Images.xcassets */,
				608D6A2E1ACF6B080019EC8A /* LaunchScreen.xib */,
				608D6A231ACF6B080019EC8A /* Supporting Files */,
			);
			path = Tipsy;
			sourceTree = "<group>";
		};
		608D6A231ACF6B080019EC8A /* Supporting Files */ = {
			isa = PBXGroup;
			children = (
				608D6A241ACF6B080019EC8A /* Info.plist */,
			);
			name = "Supporting Files";
			sourceTree = "<group>";
		};
		608D6A381ACF6B080019EC8A /* TipsyTests */ = {
			isa = PBXGroup;
			children = (
				608D6A3B1ACF6B080019EC8A /* TipsyTests.swift */,
				608D6A391ACF6B080019EC8A /* Supporting Files */,
			);
			path = TipsyTests;
			sourceTree = "<group>";
		};
		608D6A391ACF6B080019EC8A /* Supporting Files */ = {
			isa = PBXGroup;
			children = (
				608D6A3A1ACF6B080019EC8A /* Info.plist */,
			);
			name = "Supporting Files";
			sourceTree = "<group>";
		};
/* End PBXGroup section */

/* Begin PBXNativeTarget section */
		608D6A1F1ACF6B080019EC8A /* Tipsy */ = {
			isa = PBXNativeTarget;
			buildConfigurationList = 608D6A3F1ACF6B080019EC8A /* Build configuration list for PBXNativeTarget "Tipsy" */;
			buildPhases = (
				608D6A1C1ACF6B080019EC8A /* Sources */,
				608D6A1D1ACF6B080019EC8A /* Frameworks */,
				608D6A1E1ACF6B080019EC8A /* Resources */,
			);
			buildRules = (
			);
			dependencies = (
			);
			name = Tipsy;
			productName = Tipsy;
			productReference = 608D6A201ACF6B080019EC8A /* Tipsy.app */;
			productType = "com.apple.product-type.application";
		};
		608D6A341ACF6B080019EC8A /* TipsyTests */ = {
			isa = PBXNativeTarget;
			buildConfigurationList = 608D6A421ACF6B080019EC8A /* Build configuration list for PBXNativeTarget "TipsyTests" */;
			buildPhases = (
				608D6A311ACF6B080019EC8A /* Sources */,
				608D6A321ACF6B080019EC8A /* Frameworks */,
				608D6A331ACF6B080019EC8A /* Resources */,
			);
			buildRules = (
			);
			dependencies = (
				608D6A371ACF6B080019EC8A /* PBXTargetDependency */,
			);
			name = TipsyTests;
			productName = TipsyTests;
			productReference = 608D6A351ACF6B080019EC8A /* TipsyTests.xctest */;
			productType = "com.apple.product-type.bundle.unit-test";
		};
/* End PBXNativeTarget section */

/* Begin PBXProject section */
		608D6A181ACF6B080019EC8A /* Project object */ = {
			isa = PBXProject;
			attributes = {
				LastUpgradeCheck = 0610;
				ORGANIZATIONNAME = "Baris Taze";
				TargetAttributes = {
					608D6A1F1ACF6B080019EC8A = {
						CreatedOnToolsVersion = 6.1.1;
					};
					608D6A341ACF6B080019EC8A = {
						CreatedOnToolsVersion = 6.1.1;
						TestTargetID = 608D6A1F1ACF6B080019EC8A;
					};
				};
			};
			buildConfigurationList = 608D6A1B1ACF6B080019EC8A /* Build configuration list for PBXProject "Tipsy" */;
			compatibilityVersion = "Xcode 3.2";
			developmentRegion = English;
			hasScannedForEncodings = 0;
			knownRegions = (
				en,
				Base,
			);
			mainGroup = 608D6A171ACF6B080019EC8A;
			productRefGroup = 608D6A211ACF6B080019EC8A /* Products */;
			projectDirPath = "";
			projectRoot = "";
			targets = (
				608D6A1F1ACF6B080019EC8A /* Tipsy */,
				608D6A341ACF6B080019EC8A /* TipsyTests */,
			);
		};
/* End PBXProject section */

/* Begin PBXResourcesBuildPhase section */
		608D6A1E1ACF6B080019EC8A /* Resources */ = {
			isa = PBXResourcesBuildPhase;
			buildActionMask = 2147483647;
			files = (
				608D6A2B1ACF6B080019EC8A /* Main.storyboard in Resources */,
				608D6A301ACF6B080019EC8A /* LaunchScreen.xib in Resources */,
				608D6A2D1ACF6B080019EC8A /* Images.xcassets in Resources */,
			);
			runOnlyForDeploymentPostprocessing = 0;
		};
		608D6A331ACF6B080019EC8A /* Resources */ = {
			isa = PBXResourcesBuildPhase;
			buildActionMask = 2147483647;
			files = (
			);
			runOnlyForDeploymentPostprocessing = 0;
		};
/* End PBXResourcesBuildPhase section */

/* Begin PBXSourcesBuildPhase section */
		608D6A1C1ACF6B080019EC8A /* Sources */ = {
			isa = PBXSourcesBuildPhase;
			buildActionMask = 2147483647;
			files = (
				608D6A281ACF6B080019EC8A /* ViewController.swift in Sources */,
				608D6A261ACF6B080019EC8A /* AppDelegate.swift in Sources */,
			);
			runOnlyForDeploymentPostprocessing = 0;
		};
		608D6A311ACF6B080019EC8A /* Sources */ = {
			isa = PBXSourcesBuildPhase;
			buildActionMask = 2147483647;
			files = (
				608D6A3C1ACF6B080019EC8A /* TipsyTests.swift in Sources */,
			);
			runOnlyForDeploymentPostprocessing = 0;
		};
/* End PBXSourcesBuildPhase section */

/* Begin PBXTargetDependency section */
		608D6A371ACF6B080019EC8A /* PBXTargetDependency */ = {
			isa = PBXTargetDependency;
			target = 608D6A1F1ACF6B080019EC8A /* Tipsy */;
			targetProxy = 608D6A361ACF6B080019EC8A /* PBXContainerItemProxy */;
		};
/* End PBXTargetDependency section */

/* Begin PBXVariantGroup section */
		608D6A291ACF6B080019EC8A /* Main.storyboard */ = {
			isa = PBXVariantGroup;
			children = (
				608D6A2A1ACF6B080019EC8A /* Base */,
			);
			name = Main.storyboard;
			sourceTree = "<group>";
		};
		608D6A2E1ACF6B080019EC8A /* LaunchScreen.xib */ = {
			isa = PBXVariantGroup;
			children = (
				608D6A2F1ACF6B080019EC8A /* Base */,
			);
			name = LaunchScreen.xib;
			sourceTree = "<group>";
		};
/* End PBXVariantGroup section */

/* Begin XCBuildConfiguration section */
		608D6A3D1ACF6B080019EC8A /* Debug */ = {
			isa = XCBuildConfiguration;
			buildSettings = {
				ALWAYS_SEARCH_USER_PATHS = NO;
				CLANG_CXX_LANGUAGE_STANDARD = "gnu++0x";
				CLANG_CXX_LIBRARY = "libc++";
				CLANG_ENABLE_MODULES = YES;
				CLANG_ENABLE_OBJC_ARC = YES;
				CLANG_WARN_BOOL_CONVERSION = YES;
				CLANG_WARN_CONSTANT_CONVERSION = YES;
				CLANG_WARN_DIRECT_OBJC_ISA_USAGE = YES_ERROR;
				CLANG_WARN_EMPTY_BODY = YES;
				CLANG_WARN_ENUM_CONVERSION = YES;
				CLANG_WARN_INT_CONVERSION = YES;
				CLANG_WARN_OBJC_ROOT_CLASS = YES_ERROR;
				CLANG_WARN_UNREACHABLE_CODE = YES;
				CLANG_WARN__DUPLICATE_METHOD_MATCH = YES;
				"CODE_SIGN_IDENTITY[sdk=iphoneos*]" = "iPhone Developer";
				COPY_PHASE_STRIP = NO;
				ENABLE_STRICT_OBJC_MSGSEND = YES;
				GCC_C_LANGUAGE_STANDARD = gnu99;
				GCC_DYNAMIC_NO_PIC = NO;
				GCC_OPTIMIZATION_LEVEL = 0;
				GCC_PREPROCESSOR_DEFINITIONS = (
					"DEBUG=1",
					"$(inherited)",
				);
				GCC_SYMBOLS_PRIVATE_EXTERN = NO;
				GCC_WARN_64_TO_32_BIT_CONVERSION = YES;
				GCC_WARN_ABOUT_RETURN_TYPE = YES_ERROR;
				GCC_WARN_UNDECLARED_SELECTOR = YES;
				GCC_WARN_UNINITIALIZED_AUTOS = YES_AGGRESSIVE;
				GCC_WARN_UNUSED_FUNCTION = YES;
				GCC_WARN_UNUSED_VARIABLE = YES;
				IPHONEOS_DEPLOYMENT_TARGET = 8.1;
				MTL_ENABLE_DEBUG_INFO = YES;
				ONLY_ACTIVE_ARCH = YES;
				SDKROOT = iphoneos;
				SWIFT_OPTIMIZATION_LEVEL = "-Onone";
			};
			name = Debug;
		};
		608D6A3E1ACF6B080019EC8A /* Release */ = {
			isa = XCBuildConfiguration;
			buildSettings = {
				ALWAYS_SEARCH_USER_PATHS = NO;
				CLANG_CXX_LANGUAGE_STANDARD = "gnu++0x";
				CLANG_CXX_LIBRARY = "libc++";
				CLANG_ENABLE_MODULES = YES;
				CLANG_ENABLE_OBJC_ARC = YES;
				CLANG_WARN_BOOL_CONVERSION = YES;
				CLANG_WARN_CONSTANT_CONVERSION = YES;
				CLANG_WARN_DIRECT_OBJC_ISA_USAGE = YES_ERROR;
				CLANG_WARN_EMPTY_BODY = YES;
				CLANG_WARN_ENUM_CONVERSION = YES;
				CLANG_WARN_INT_CONVERSION = YES;
				CLANG_WARN_OBJC_ROOT_CLASS = YES_ERROR;
				CLANG_WARN_UNREACHABLE_CODE = YES;
				CLANG_WARN__DUPLICATE_METHOD_MATCH = YES;
				"CODE_SIGN_IDENTITY[sdk=iphoneos*]" = "iPhone Developer";
				COPY_PHASE_STRIP = YES;
				ENABLE_NS_ASSERTIONS = NO;
				ENABLE_STRICT_OBJC_MSGSEND = YES;
				GCC_C_LANGUAGE_STANDARD = gnu99;
				GCC_WARN_64_TO_32_BIT_CONVERSION = YES;
				GCC_WARN_ABOUT_RETURN_TYPE = YES_ERROR;
				GCC_WARN_UNDECLARED_SELECTOR = YES;
				GCC_WARN_UNINITIALIZED_AUTOS = YES_AGGRESSIVE;
				GCC_WARN_UNUSED_FUNCTION = YES;
				GCC_WARN_UNUSED_VARIABLE = YES;
				IPHONEOS_DEPLOYMENT_TARGET = 8.1;
				MTL_ENABLE_DEBUG_INFO = NO;
				SDKROOT = iphoneos;
				VALIDATE_PRODUCT = YES;
			};
			name = Release;
		};
		608D6A401ACF6B080019EC8A /* Debug */ = {
			isa = XCBuildConfiguration;
			buildSettings = {
				ASSETCATALOG_COMPILER_APPICON_NAME = AppIcon;
				INFOPLIST_FILE = Tipsy/Info.plist;
				IPHONEOS_DEPLOYMENT_TARGET = 7.0;
				LD_RUNPATH_SEARCH_PATHS = "$(inherited) @executable_path/Frameworks";
				PRODUCT_NAME = "$(TARGET_NAME)";
				TARGETED_DEVICE_FAMILY = 1;
			};
			name = Debug;
		};
		608D6A411ACF6B080019EC8A /* Release */ = {
			isa = XCBuildConfiguration;
			buildSettings = {
				ASSETCATALOG_COMPILER_APPICON_NAME = AppIcon;
				INFOPLIST_FILE = Tipsy/Info.plist;
				IPHONEOS_DEPLOYMENT_TARGET = 7.0;
				LD_RUNPATH_SEARCH_PATHS = "$(inherited) @executable_path/Frameworks";
				PRODUCT_NAME = "$(TARGET_NAME)";
				TARGETED_DEVICE_FAMILY = 1;
			};
			name = Release;
		};
		608D6A431ACF6B080019EC8A /* Debug */ = {
			isa = XCBuildConfiguration;
			buildSettings = {
				BUNDLE_LOADER = "$(TEST_HOST)";
				FRAMEWORK_SEARCH_PATHS = (
					"$(SDKROOT)/Developer/Library/Frameworks",
					"$(inherited)",
				);
				GCC_PREPROCESSOR_DEFINITIONS = (
					"DEBUG=1",
					"$(inherited)",
				);
				INFOPLIST_FILE = TipsyTests/Info.plist;
				LD_RUNPATH_SEARCH_PATHS = "$(inherited) @executable_path/Frameworks @loader_path/Frameworks";
				PRODUCT_NAME = "$(TARGET_NAME)";
				TEST_HOST = "$(BUILT_PRODUCTS_DIR)/Tipsy.app/Tipsy";
			};
			name = Debug;
		};
		608D6A441ACF6B080019EC8A /* Release */ = {
			isa = XCBuildConfiguration;
			buildSettings = {
				BUNDLE_LOADER = "$(TEST_HOST)";
				FRAMEWORK_SEARCH_PATHS = (
					"$(SDKROOT)/Developer/Library/Frameworks",
					"$(inherited)",
				);
				INFOPLIST_FILE = TipsyTests/Info.plist;
				LD_RUNPATH_SEARCH_PATHS = "$(inherited) @executable_path/Frameworks @loader_path/Frameworks";
				PRODUCT_NAME = "$(TARGET_NAME)";
				TEST_HOST = "$(BUILT_PRODUCTS_DIR)/Tipsy.app/Tipsy";
			};
			name = Release;
		};
/* End XCBuildConfiguration section */

/* Begin XCConfigurationList section */
		608D6A1B1ACF6B080019EC8A /* Build configuration list for PBXProject "Tipsy" */ = {
			isa = XCConfigurationList;
			buildConfigurations = (
				608D6A3D1ACF6B080019EC8A /* Debug */,
				608D6A3E1ACF6B080019EC8A /* Release */,
			);
			defaultConfigurationIsVisible = 0;
			defaultConfigurationName = Release;
		};
		608D6A3F1ACF6B080019EC8A /* Build configuration list for PBXNativeTarget "Tipsy" */ = {
			isa = XCConfigurationList;
			buildConfigurations = (
				608D6A401ACF6B080019EC8A /* Debug */,
				608D6A411ACF6B080019EC8A /* Release */,
			);
			defaultConfigurationIsVisible = 0;
			defaultConfigurationName = Release;
		};
		608D6A421ACF6B080019EC8A /* Build configuration list for PBXNativeTarget "TipsyTests" */ = {
			isa = XCConfigurationList;
			buildConfigurations = (
				608D6A431ACF6B080019EC8A /* Debug */,
				608D6A441ACF6B080019EC8A /* Release */,
			);
			defaultConfigurationIsVisible = 0;
			defaultConfigurationName = Release;
		};
/* End XCConfigurationList section */
	};
	rootObject = 608D6A181ACF6B080019EC8A /* Project object */;
}
